
Microsoft Visual Studio Solution File, Format Version 12.00
# Visual Studio 15
VisualStudioVersion = 15.0.26124.0
MinimumVisualStudioVersion = 15.0.26124.0
Project("{FAE04EC0-301F-11D3-BF4B-00C04F79EFBC}") = "BootcampFunctions", "BootcampFunctions\BootcampFunctions.csproj", "{86216404-C048-4F7C-B832-471A9F5AE867}"
EndProject
Project("{FAE04EC0-301F-11D3-BF4B-00C04F79EFBC}") = "BootcampFunctions.Test", "BootcampFunctions.Test\BootcampFunctions.Test.csproj", "{7235EDDE-CA32-4FC9-9F76-F58FDB61E77B}"
EndProject
Global
	GlobalSection(SolutionConfigurationPlatforms) = preSolution
		Debug|Any CPU = Debug|Any CPU
		Debug|x64 = Debug|x64
		Debug|x86 = Debug|x86
		Release|Any CPU = Release|Any CPU
		Release|x64 = Release|x64
		Release|x86 = Release|x86
	EndGlobalSection
	GlobalSection(SolutionProperties) = preSolution
		HideSolutionNode = FALSE
	EndGlobalSection
	GlobalSection(ProjectConfigurationPlatforms) = postSolution
		{86216404-C048-4F7C-B832-471A9F5AE867}.Debug|Any CPU.ActiveCfg = Debug|Any CPU
		{86216404-C048-4F7C-B832-471A9F5AE867}.Debug|Any CPU.Build.0 = Debug|Any CPU
		{86216404-C048-4F7C-B832-471A9F5AE867}.Debug|x64.ActiveCfg = Debug|Any CPU
		{86216404-C048-4F7C-B832-471A9F5AE867}.Debug|x64.Build.0 = Debug|Any CPU
		{86216404-C048-4F7C-B832-471A9F5AE867}.Debug|x86.ActiveCfg = Debug|Any CPU
		{86216404-C048-4F7C-B832-471A9F5AE867}.Debug|x86.Build.0 = Debug|Any CPU
		{86216404-C048-4F7C-B832-471A9F5AE867}.Release|Any CPU.ActiveCfg = Release|Any CPU
		{86216404-C048-4F7C-B832-471A9F5AE867}.Release|Any CPU.Build.0 = Release|Any CPU
		{86216404-C048-4F7C-B832-471A9F5AE867}.Release|x64.ActiveCfg = Release|Any CPU
		{86216404-C048-4F7C-B832-471A9F5AE867}.Release|x64.Build.0 = Release|Any CPU
		{86216404-C048-4F7C-B832-471A9F5AE867}.Release|x86.ActiveCfg = Release|Any CPU
		{86216404-C048-4F7C-B832-471A9F5AE867}.Release|x86.Build.0 = Release|Any CPU
		{7235EDDE-CA32-4FC9-9F76-F58FDB61E77B}.Debug|Any CPU.ActiveCfg = Debug|Any CPU
		{7235EDDE-CA32-4FC9-9F76-F58FDB61E77B}.Debug|Any CPU.Build.0 = Debug|Any CPU
		{7235EDDE-CA32-4FC9-9F76-F58FDB61E77B}.Debug|x64.ActiveCfg = Debug|Any CPU
		{7235EDDE-CA32-4FC9-9F76-F58FDB61E77B}.Debug|x64.Build.0 = Debug|Any CPU
		{7235EDDE-CA32-4FC9-9F76-F58FDB61E77B}.Debug|x86.ActiveCfg = Debug|Any CPU
		{7235EDDE-CA32-4FC9-9F76-F58FDB61E77B}.Debug|x86.Build.0 = Debug|Any CPU
		{7235EDDE-CA32-4FC9-9F76-F58FDB61E77B}.Release|Any CPU.ActiveCfg = Release|Any CPU
		{7235EDDE-CA32-4FC9-9F76-F58FDB61E77B}.Release|Any CPU.Build.0 = Release|Any CPU
		{7235EDDE-CA32-4FC9-9F76-F58FDB61E77B}.Release|x64.ActiveCfg = Release|Any CPU
		{7235EDDE-CA32-4FC9-9F76-F58FDB61E77B}.Release|x64.Build.0 = Release|Any CPU
		{7235EDDE-CA32-4FC9-9F76-F58FDB61E77B}.Release|x86.ActiveCfg = Release|Any CPU
		{7235EDDE-CA32-4FC9-9F76-F58FDB61E77B}.Release|x86.Build.0 = Release|Any CPU
	EndGlobalSection
EndGlobal
